// !$*UTF8*$!
{
	archiveVersion = 1;
	classes = {
	};
	objectVersion = 55;
	objects = {

/* Begin PBXBuildFile section */
		A44B1F2BA24A41E33C5CE672 /* Pods_ParseInstaClone.framework in Frameworks */ = {isa = PBXBuildFile; fileRef = 92398D226C9BCB881F87138F /* Pods_ParseInstaClone.framework */; };
		DF16E45027980E1100F404B2 /* AppDelegate.swift in Sources */ = {isa = PBXBuildFile; fileRef = DF16E44F27980E1100F404B2 /* AppDelegate.swift */; };
		DF16E45227980E1100F404B2 /* SceneDelegate.swift in Sources */ = {isa = PBXBuildFile; fileRef = DF16E45127980E1100F404B2 /* SceneDelegate.swift */; };
		DF16E45727980E1100F404B2 /* Main.storyboard in Resources */ = {isa = PBXBuildFile; fileRef = DF16E45527980E1100F404B2 /* Main.storyboard */; };
		DF16E45927980E1100F404B2 /* Assets.xcassets in Resources */ = {isa = PBXBuildFile; fileRef = DF16E45827980E1100F404B2 /* Assets.xcassets */; };
		DF16E45C27980E1100F404B2 /* LaunchScreen.storyboard in Resources */ = {isa = PBXBuildFile; fileRef = DF16E45A27980E1100F404B2 /* LaunchScreen.storyboard */; };
		DF4AB00827BA957800F95CCE /* FeedCell.swift in Sources */ = {isa = PBXBuildFile; fileRef = DF4AB00727BA957800F95CCE /* FeedCell.swift */; };
		DFD79F8427B24BB400E78FA5 /* FeedVC.swift in Sources */ = {isa = PBXBuildFile; fileRef = DFD79F8327B24BB400E78FA5 /* FeedVC.swift */; };
		DFD79F8627B24BCD00E78FA5 /* UploadVC.swift in Sources */ = {isa = PBXBuildFile; fileRef = DFD79F8527B24BCD00E78FA5 /* UploadVC.swift */; };
		DFD79F8827B24DEC00E78FA5 /* signInVC.swift in Sources */ = {isa = PBXBuildFile; fileRef = DFD79F8727B24DEC00E78FA5 /* signInVC.swift */; };
/* End PBXBuildFile section */

/* Begin PBXFileReference section */
		92398D226C9BCB881F87138F /* Pods_ParseInstaClone.framework */ = {isa = PBXFileReference; explicitFileType = wrapper.framework; includeInIndex = 0; path = Pods_ParseInstaClone.framework; sourceTree = BUILT_PRODUCTS_DIR; };
		DF16E44C27980E1100F404B2 /* ParseInstaClone.app */ = {isa = PBXFileReference; explicitFileType = wrapper.application; includeInIndex = 0; path = ParseInstaClone.app; sourceTree = BUILT_PRODUCTS_DIR; };
		DF16E44F27980E1100F404B2 /* AppDelegate.swift */ = {isa = PBXFileReference; lastKnownFileType = sourcecode.swift; path = AppDelegate.swift; sourceTree = "<group>"; };
		DF16E45127980E1100F404B2 /* SceneDelegate.swift */ = {isa = PBXFileReference; lastKnownFileType = sourcecode.swift; path = SceneDelegate.swift; sourceTree = "<group>"; };
		DF16E45627980E1100F404B2 /* Base */ = {isa = PBXFileReference; lastKnownFileType = file.storyboard; name = Base; path = Base.lproj/Main.storyboard; sourceTree = "<group>"; };
		DF16E45827980E1100F404B2 /* Assets.xcassets */ = {isa = PBXFileReference; lastKnownFileType = folder.assetcatalog; path = Assets.xcassets; sourceTree = "<group>"; };
		DF16E45B27980E1100F404B2 /* Base */ = {isa = PBXFileReference; lastKnownFileType = file.storyboard; name = Base; path = Base.lproj/LaunchScreen.storyboard; sourceTree = "<group>"; };
		DF16E45D27980E1100F404B2 /* Info.plist */ = {isa = PBXFileReference; lastKnownFileType = text.plist.xml; path = Info.plist; sourceTree = "<group>"; };
		DF4AB00727BA957800F95CCE /* FeedCell.swift */ = {isa = PBXFileReference; lastKnownFileType = sourcecode.swift; path = FeedCell.swift; sourceTree = "<group>"; };
		DFD79F8327B24BB400E78FA5 /* FeedVC.swift */ = {isa = PBXFileReference; lastKnownFileType = sourcecode.swift; path = FeedVC.swift; sourceTree = "<group>"; };
		DFD79F8527B24BCD00E78FA5 /* UploadVC.swift */ = {isa = PBXFileReference; lastKnownFileType = sourcecode.swift; path = UploadVC.swift; sourceTree = "<group>"; };
		DFD79F8727B24DEC00E78FA5 /* signInVC.swift */ = {isa = PBXFileReference; lastKnownFileType = sourcecode.swift; path = signInVC.swift; sourceTree = "<group>"; };
		EE97B0AFCB431E8E98F62E46 /* Pods-ParseInstaClone.release.xcconfig */ = {isa = PBXFileReference; includeInIndex = 1; lastKnownFileType = text.xcconfig; name = "Pods-ParseInstaClone.release.xcconfig"; path = "Target Support Files/Pods-ParseInstaClone/Pods-ParseInstaClone.release.xcconfig"; sourceTree = "<group>"; };
		FAAB3612165ED4399FB6B6F1 /* Pods-ParseInstaClone.debug.xcconfig */ = {isa = PBXFileReference; includeInIndex = 1; lastKnownFileType = text.xcconfig; name = "Pods-ParseInstaClone.debug.xcconfig"; path = "Target Support Files/Pods-ParseInstaClone/Pods-ParseInstaClone.debug.xcconfig"; sourceTree = "<group>"; };
/* End PBXFileReference section */

/* Begin PBXFrameworksBuildPhase section */
		DF16E44927980E1100F404B2 /* Frameworks */ = {
			isa = PBXFrameworksBuildPhase;
			buildActionMask = 2147483647;
			files = (
				A44B1F2BA24A41E33C5CE672 /* Pods_ParseInstaClone.framework in Frameworks */,
			);
			runOnlyForDeploymentPostprocessing = 0;
		};
/* End PBXFrameworksBuildPhase section */

/* Begin PBXGroup section */
		08B3D651B308A7043BB46A70 /* Frameworks */ = {
			isa = PBXGroup;
			children = (
				92398D226C9BCB881F87138F /* Pods_ParseInstaClone.framework */,
			);
			name = Frameworks;
			sourceTree = "<group>";
		};
		30D13DEF3BA3A7BF1021C423 /* Pods */ = {
			isa = PBXGroup;
			children = (
				FAAB3612165ED4399FB6B6F1 /* Pods-ParseInstaClone.debug.xcconfig */,
				EE97B0AFCB431E8E98F62E46 /* Pods-ParseInstaClone.release.xcconfig */,
			);
			path = Pods;
			sourceTree = "<group>";
		};
		DF16E44327980E1100F404B2 = {
			isa = PBXGroup;
			children = (
				DF16E44E27980E1100F404B2 /* ParseInstaClone */,
				DF16E44D27980E1100F404B2 /* Products */,
				30D13DEF3BA3A7BF1021C423 /* Pods */,
				08B3D651B308A7043BB46A70 /* Frameworks */,
			);
			sourceTree = "<group>";
		};
		DF16E44D27980E1100F404B2 /* Products */ = {
			isa = PBXGroup;
			children = (
				DF16E44C27980E1100F404B2 /* ParseInstaClone.app */,
			);
			name = Products;
			sourceTree = "<group>";
		};
		DF16E44E27980E1100F404B2 /* ParseInstaClone */ = {
			isa = PBXGroup;
			children = (
				DF16E44F27980E1100F404B2 /* AppDelegate.swift */,
				DF16E45127980E1100F404B2 /* SceneDelegate.swift */,
				DFD79F8327B24BB400E78FA5 /* FeedVC.swift */,
				DFD79F8527B24BCD00E78FA5 /* UploadVC.swift */,
				DFD79F8727B24DEC00E78FA5 /* signInVC.swift */,
				DF4AB00727BA957800F95CCE /* FeedCell.swift */,
				DF16E45527980E1100F404B2 /* Main.storyboard */,
				DF16E45827980E1100F404B2 /* Assets.xcassets */,
				DF16E45A27980E1100F404B2 /* LaunchScreen.storyboard */,
				DF16E45D27980E1100F404B2 /* Info.plist */,
			);
			path = ParseInstaClone;
			sourceTree = "<group>";
		};
/* End PBXGroup section */

/* Begin PBXNativeTarget section */
		DF16E44B27980E1100F404B2 /* ParseInstaClone */ = {
			isa = PBXNativeTarget;
			buildConfigurationList = DF16E46027980E1100F404B2 /* Build configuration list for PBXNativeTarget "ParseInstaClone" */;
			buildPhases = (
				5FEE18572EFD008C1BD70C11 /* [CP] Check Pods Manifest.lock */,
				DF16E44827980E1100F404B2 /* Sources */,
				DF16E44927980E1100F404B2 /* Frameworks */,
				DF16E44A27980E1100F404B2 /* Resources */,
				07E3EFF6D0B36252C6DA1A85 /* [CP] Embed Pods Frameworks */,
			);
			buildRules = (
			);
			dependencies = (
			);
			name = ParseInstaClone;
			packageProductDependencies = (
			);
			productName = ParseInstaClone;
			productReference = DF16E44C27980E1100F404B2 /* ParseInstaClone.app */;
			productType = "com.apple.product-type.application";
		};
/* End PBXNativeTarget section */

/* Begin PBXProject section */
		DF16E44427980E1100F404B2 /* Project object */ = {
			isa = PBXProject;
			attributes = {
				BuildIndependentTargetsInParallel = 1;
				LastSwiftUpdateCheck = 1300;
				LastUpgradeCheck = 1300;
				TargetAttributes = {
					DF16E44B27980E1100F404B2 = {
						CreatedOnToolsVersion = 13.0;
					};
				};
			};
			buildConfigurationList = DF16E44727980E1100F404B2 /* Build configuration list for PBXProject "ParseInstaClone" */;
			compatibilityVersion = "Xcode 13.0";
			developmentRegion = en;
			hasScannedForEncodings = 0;
			knownRegions = (
				en,
				Base,
			);
			mainGroup = DF16E44327980E1100F404B2;
			packageReferences = (
			);
			productRefGroup = DF16E44D27980E1100F404B2 /* Products */;
			projectDirPath = "";
			projectRoot = "";
			targets = (
				DF16E44B27980E1100F404B2 /* ParseInstaClone */,
			);
		};
/* End PBXProject section */

/* Begin PBXResourcesBuildPhase section */
		DF16E44A27980E1100F404B2 /* Resources */ = {
			isa = PBXResourcesBuildPhase;
			buildActionMask = 2147483647;
			files = (
				DF16E45C27980E1100F404B2 /* LaunchScreen.storyboard in Resources */,
				DF16E45927980E1100F404B2 /* Assets.xcassets in Resources */,
				DF16E45727980E1100F404B2 /* Main.storyboard in Resources */,
			);
			runOnlyForDeploymentPostprocessing = 0;
		};
/* End PBXResourcesBuildPhase section */

/* Begin PBXShellScriptBuildPhase section */
		07E3EFF6D0B36252C6DA1A85 /* [CP] Embed Pods Frameworks */ = {
			isa = PBXShellScriptBuildPhase;
			buildActionMask = 2147483647;
			files = (
			);
			inputFileListPaths = (
				"${PODS_ROOT}/Target Support Files/Pods-ParseInstaClone/Pods-ParseInstaClone-frameworks-${CONFIGURATION}-input-files.xcfilelist",
			);
			name = "[CP] Embed Pods Frameworks";
			outputFileListPaths = (
				"${PODS_ROOT}/Target Support Files/Pods-ParseInstaClone/Pods-ParseInstaClone-frameworks-${CONFIGURATION}-output-files.xcfilelist",
			);
			runOnlyForDeploymentPostprocessing = 0;
			shellPath = /bin/sh;
			shellScript = "\"${PODS_ROOT}/Target Support Files/Pods-ParseInstaClone/Pods-ParseInstaClone-frameworks.sh\"\n";
			showEnvVarsInLog = 0;
		};
		5FEE18572EFD008C1BD70C11 /* [CP] Check Pods Manifest.lock */ = {
			isa = PBXShellScriptBuildPhase;
			buildActionMask = 2147483647;
			files = (
			);
			inputFileListPaths = (
			);
			inputPaths = (
				"${PODS_PODFILE_DIR_PATH}/Podfile.lock",
				"${PODS_ROOT}/Manifest.lock",
			);
			name = "[CP] Check Pods Manifest.lock";
			outputFileListPaths = (
			);
			outputPaths = (
				"$(DERIVED_FILE_DIR)/Pods-ParseInstaClone-checkManifestLockResult.txt",
			);
			runOnlyForDeploymentPostprocessing = 0;
			shellPath = /bin/sh;
			shellScript = "diff \"${PODS_PODFILE_DIR_PATH}/Podfile.lock\" \"${PODS_ROOT}/Manifest.lock\" > /dev/null\nif [ $? != 0 ] ; then\n    # print error to STDERR\n    echo \"error: The sandbox is not in sync with the Podfile.lock. Run 'pod install' or update your CocoaPods installation.\" >&2\n    exit 1\nfi\n# This output is used by Xcode 'outputs' to avoid re-running this script phase.\necho \"SUCCESS\" > \"${SCRIPT_OUTPUT_FILE_0}\"\n";
			showEnvVarsInLog = 0;
		};
/* End PBXShellScriptBuildPhase section */

/* Begin PBXSourcesBuildPhase section */
		DF16E44827980E1100F404B2 /* Sources */ = {
			isa = PBXSourcesBuildPhase;
			buildActionMask = 2147483647;
			files = (
				DFD79F8627B24BCD00E78FA5 /* UploadVC.swift in Sources */,
				DFD79F8427B24BB400E78FA5 /* FeedVC.swift in Sources */,
				DF16E45027980E1100F404B2 /* AppDelegate.swift in Sources */,
				DF4AB00827BA957800F95CCE /* FeedCell.swift in Sources */,
				DF16E45227980E1100F404B2 /* SceneDelegate.swift in Sources */,
				DFD79F8827B24DEC00E78FA5 /* signInVC.swift in Sources */,
			);
			runOnlyForDeploymentPostprocessing = 0;
		};
/* End PBXSourcesBuildPhase section */

/* Begin PBXVariantGroup section */
		DF16E45527980E1100F404B2 /* Main.storyboard */ = {
			isa = PBXVariantGroup;
			children = (
				DF16E45627980E1100F404B2 /* Base */,
			);
			name = Main.storyboard;
			sourceTree = "<group>";
		};
		DF16E45A27980E1100F404B2 /* LaunchScreen.storyboard */ = {
			isa = PBXVariantGroup;
			children = (
				DF16E45B27980E1100F404B2 /* Base */,
			);
			name = LaunchScreen.storyboard;
			sourceTree = "<group>";
		};
/* End PBXVariantGroup section */

/* Begin XCBuildConfiguration section */
		DF16E45E27980E1100F404B2 /* Debug */ = {
			isa = XCBuildConfiguration;
			buildSettings = {
				ALWAYS_SEARCH_USER_PATHS = NO;
				CLANG_ANALYZER_NONNULL = YES;
				CLANG_ANALYZER_NUMBER_OBJECT_CONVERSION = YES_AGGRESSIVE;
				CLANG_CXX_LANGUAGE_STANDARD = "gnu++17";
				CLANG_CXX_LIBRARY = "libc++";
				CLANG_ENABLE_MODULES = YES;
				CLANG_ENABLE_OBJC_ARC = YES;
				CLANG_ENABLE_OBJC_WEAK = YES;
				CLANG_WARN_BLOCK_CAPTURE_AUTORELEASING = YES;
				CLANG_WARN_BOOL_CONVERSION = YES;
				CLANG_WARN_COMMA = YES;
				CLANG_WARN_CONSTANT_CONVERSION = YES;
				CLANG_WARN_DEPRECATED_OBJC_IMPLEMENTATIONS = YES;
				CLANG_WARN_DIRECT_OBJC_ISA_USAGE = YES_ERROR;
				CLANG_WARN_DOCUMENTATION_COMMENTS = YES;
				CLANG_WARN_EMPTY_BODY = YES;
				CLANG_WARN_ENUM_CONVERSION = YES;
				CLANG_WARN_INFINITE_RECURSION = YES;
				CLANG_WARN_INT_CONVERSION = YES;
				CLANG_WARN_NON_LITERAL_NULL_CONVERSION = YES;
				CLANG_WARN_OBJC_IMPLICIT_RETAIN_SELF = YES;
				CLANG_WARN_OBJC_LITERAL_CONVERSION = YES;
				CLANG_WARN_OBJC_ROOT_CLASS = YES_ERROR;
				CLANG_WARN_QUOTED_INCLUDE_IN_FRAMEWORK_HEADER = YES;
				CLANG_WARN_RANGE_LOOP_ANALYSIS = YES;
				CLANG_WARN_STRICT_PROTOTYPES = YES;
				CLANG_WARN_SUSPICIOUS_MOVE = YES;
				CLANG_WARN_UNGUARDED_AVAILABILITY = YES_AGGRESSIVE;
				CLANG_WARN_UNREACHABLE_CODE = YES;
				CLANG_WARN__DUPLICATE_METHOD_MATCH = YES;
				COPY_PHASE_STRIP = NO;
				DEBUG_INFORMATION_FORMAT = dwarf;
				ENABLE_STRICT_OBJC_MSGSEND = YES;
				ENABLE_TESTABILITY = YES;
				GCC_C_LANGUAGE_STANDARD = gnu11;
				GCC_DYNAMIC_NO_PIC = NO;
				GCC_NO_COMMON_BLOCKS = YES;
				GCC_OPTIMIZATION_LEVEL = 0;
				GCC_PREPROCESSOR_DEFINITIONS = (
					"DEBUG=1",
					"$(inherited)",
				);
				GCC_WARN_64_TO_32_BIT_CONVERSION = YES;
				GCC_WARN_ABOUT_RETURN_TYPE = YES_ERROR;
				GCC_WARN_UNDECLARED_SELECTOR = YES;
				GCC_WARN_UNINITIALIZED_AUTOS = YES_AGGRESSIVE;
				GCC_WARN_UNUSED_FUNCTION = YES;
				GCC_WARN_UNUSED_VARIABLE = YES;
				IPHONEOS_DEPLOYMENT_TARGET = 15.0;
				MTL_ENABLE_DEBUG_INFO = INCLUDE_SOURCE;
				MTL_FAST_MATH = YES;
				ONLY_ACTIVE_ARCH = YES;
				SDKROOT = iphoneos;
				SWIFT_ACTIVE_COMPILATION_CONDITIONS = DEBUG;
				SWIFT_OPTIMIZATION_LEVEL = "-Onone";
			};
			name = Debug;
		};
		DF16E45F27980E1100F404B2 /* Release */ = {
			isa = XCBuildConfiguration;
			buildSettings = {
				ALWAYS_SEARCH_USER_PATHS = NO;
				CLANG_ANALYZER_NONNULL = YES;
				CLANG_ANALYZER_NUMBER_OBJECT_CONVERSION = YES_AGGRESSIVE;
				CLANG_CXX_LANGUAGE_STANDARD = "gnu++17";
				CLANG_CXX_LIBRARY = "libc++";
				CLANG_ENABLE_MODULES = YES;
				CLANG_ENABLE_OBJC_ARC = YES;
				CLANG_ENABLE_OBJC_WEAK = YES;
				CLANG_WARN_BLOCK_CAPTURE_AUTORELEASING = YES;
				CLANG_WARN_BOOL_CONVERSION = YES;
				CLANG_WARN_COMMA = YES;
				CLANG_WARN_CONSTANT_CONVERSION = YES;
				CLANG_WARN_DEPRECATED_OBJC_IMPLEMENTATIONS = YES;
				CLANG_WARN_DIRECT_OBJC_ISA_USAGE = YES_ERROR;
				CLANG_WARN_DOCUMENTATION_COMMENTS = YES;
				CLANG_WARN_EMPTY_BODY = YES;
				CLANG_WARN_ENUM_CONVERSION = YES;
				CLANG_WARN_INFINITE_RECURSION = YES;
				CLANG_WARN_INT_CONVERSION = YES;
				CLANG_WARN_NON_LITERAL_NULL_CONVERSION = YES;
				CLANG_WARN_OBJC_IMPLICIT_RETAIN_SELF = YES;
				CLANG_WARN_OBJC_LITERAL_CONVERSION = YES;
				CLANG_WARN_OBJC_ROOT_CLASS = YES_ERROR;
				CLANG_WARN_QUOTED_INCLUDE_IN_FRAMEWORK_HEADER = YES;
				CLANG_WARN_RANGE_LOOP_ANALYSIS = YES;
				CLANG_WARN_STRICT_PROTOTYPES = YES;
				CLANG_WARN_SUSPICIOUS_MOVE = YES;
				CLANG_WARN_UNGUARDED_AVAILABILITY = YES_AGGRESSIVE;
				CLANG_WARN_UNREACHABLE_CODE = YES;
				CLANG_WARN__DUPLICATE_METHOD_MATCH = YES;
				COPY_PHASE_STRIP = NO;
				DEBUG_INFORMATION_FORMAT = "dwarf-with-dsym";
				ENABLE_NS_ASSERTIONS = NO;
				ENABLE_STRICT_OBJC_MSGSEND = YES;
				GCC_C_LANGUAGE_STANDARD = gnu11;
				GCC_NO_COMMON_BLOCKS = YES;
				GCC_WARN_64_TO_32_BIT_CONVERSION = YES;
				GCC_WARN_ABOUT_RETURN_TYPE = YES_ERROR;
				GCC_WARN_UNDECLARED_SELECTOR = YES;
				GCC_WARN_UNINITIALIZED_AUTOS = YES_AGGRESSIVE;
				GCC_WARN_UNUSED_FUNCTION = YES;
				GCC_WARN_UNUSED_VARIABLE = YES;
				IPHONEOS_DEPLOYMENT_TARGET = 15.0;
				MTL_ENABLE_DEBUG_INFO = NO;
				MTL_FAST_MATH = YES;
				SDKROOT = iphoneos;
				SWIFT_COMPILATION_MODE = wholemodule;
				SWIFT_OPTIMIZATION_LEVEL = "-O";
				VALIDATE_PRODUCT = YES;
			};
			name = Release;
		};
		DF16E46127980E1100F404B2 /* Debug */ = {
			isa = XCBuildConfiguration;
			baseConfigurationReference = FAAB3612165ED4399FB6B6F1 /* Pods-ParseInstaClone.debug.xcconfig */;
			buildSettings = {
				ASSETCATALOG_COMPILER_APPICON_NAME = AppIcon;
				ASSETCATALOG_COMPILER_GLOBAL_ACCENT_COLOR_NAME = AccentColor;
				CODE_SIGN_STYLE = Automatic;
				CURRENT_PROJECT_VERSION = 1;
				DEVELOPMENT_TEAM = 6QRST54W62;
				GENERATE_INFOPLIST_FILE = YES;
				INFOPLIST_FILE = ParseInstaClone/Info.plist;
				INFOPLIST_KEY_UIApplicationSupportsIndirectInputEvents = YES;
				INFOPLIST_KEY_UILaunchStoryboardName = LaunchScreen;
				INFOPLIST_KEY_UIMainStoryboardFile = Main;
				INFOPLIST_KEY_UISupportedInterfaceOrientations_iPad = "UIInterfaceOrientationPortrait UIInterfaceOrientationPortraitUpsideDown UIInterfaceOrientationLandscapeLeft UIInterfaceOrientationLandscapeRight";
				INFOPLIST_KEY_UISupportedInterfaceOrientations_iPhone = "UIInterfaceOrientationPortrait UIInterfaceOrientationLandscapeLeft UIInterfaceOrientationLandscapeRight";
				LD_RUNPATH_SEARCH_PATHS = (
					"$(inherited)",
					"@executable_path/Frameworks",
				);
				MARKETING_VERSION = 1.0;
				PRODUCT_BUNDLE_IDENTIFIER = com.kaanyalcinkaya.ParseInstaClone;
				PRODUCT_NAME = "$(TARGET_NAME)";
				SWIFT_EMIT_LOC_STRINGS = YES;
				SWIFT_VERSION = 5.0;
				TARGETED_DEVICE_FAMILY = "1,2";
			};
			name = Debug;
		};
		DF16E46227980E1100F404B2 /* Release */ = {
			isa = XCBuildConfiguration;
			baseConfigurationReference = EE97B0AFCB431E8E98F62E46 /* Pods-ParseInstaClone.release.xcconfig */;
			buildSettings = {
				ASSETCATALOG_COMPILER_APPICON_NAME = AppIcon;
				ASSETCATALOG_COMPILER_GLOBAL_ACCENT_COLOR_NAME = AccentColor;
				CODE_SIGN_STYLE = Automatic;
				CURRENT_PROJECT_VERSION = 1;
				DEVELOPMENT_TEAM = 6QRST54W62;
				GENERATE_INFOPLIST_FILE = YES;
				INFOPLIST_FILE = ParseInstaClone/Info.plist;
				INFOPLIST_KEY_UIApplicationSupportsIndirectInputEvents = YES;
				INFOPLIST_KEY_UILaunchStoryboardName = LaunchScreen;
				INFOPLIST_KEY_UIMainStoryboardFile = Main;
				INFOPLIST_KEY_UISupportedInterfaceOrientations_iPad = "UIInterfaceOrientationPortrait UIInterfaceOrientationPortraitUpsideDown UIInterfaceOrientationLandscapeLeft UIInterfaceOrientationLandscapeRight";
				INFOPLIST_KEY_UISupportedInterfaceOrientations_iPhone = "UIInterfaceOrientationPortrait UIInterfaceOrientationLandscapeLeft UIInterfaceOrientationLandscapeRight";
				LD_RUNPATH_SEARCH_PATHS = (
					"$(inherited)",
					"@executable_path/Frameworks",
				);
				MARKETING_VERSION = 1.0;
				PRODUCT_BUNDLE_IDENTIFIER = com.kaanyalcinkaya.ParseInstaClone;
				PRODUCT_NAME = "$(TARGET_NAME)";
				SWIFT_EMIT_LOC_STRINGS = YES;
				SWIFT_VERSION = 5.0;
				TARGETED_DEVICE_FAMILY = "1,2";
			};
			name = Release;
		};
/* End XCBuildConfiguration section */

/* Begin XCConfigurationList section */
		DF16E44727980E1100F404B2 /* Build configuration list for PBXProject "ParseInstaClone" */ = {
			isa = XCConfigurationList;
			buildConfigurations = (
				DF16E45E27980E1100F404B2 /* Debug */,
				DF16E45F27980E1100F404B2 /* Release */,
			);
			defaultConfigurationIsVisible = 0;
			defaultConfigurationName = Release;
		};
		DF16E46027980E1100F404B2 /* Build configuration list for PBXNativeTarget "ParseInstaClone" */ = {
			isa = XCConfigurationList;
			buildConfigurations = (
				DF16E46127980E1100F404B2 /* Debug */,
				DF16E46227980E1100F404B2 /* Release */,
			);
			defaultConfigurationIsVisible = 0;
			defaultConfigurationName = Release;
		};
/* End XCConfigurationList section */
	};
	rootObject = DF16E44427980E1100F404B2 /* Project object */;
}
